
Microsoft Visual Studio Solution File, Format Version 12.00
# Visual Studio Version 16
VisualStudioVersion = 16.0.30611.23
MinimumVisualStudioVersion = 10.0.40219.1
Project("{FAE04EC0-301F-11D3-BF4B-00C04F79EFBC}") = "1.SpringVacationTrip", "MEPrep100319G1\1.SpringVacationTrip.csproj", "{A5FF0F9C-31E2-4900-A9B3-9532B323ECE6}"
EndProject
Project("{FAE04EC0-301F-11D3-BF4B-00C04F79EFBC}") = "2.HellowFrance", "2\2.HellowFrance.csproj", "{EF344FAD-8FF3-4D22-86D0-EC725356D899}"
EndProject
Project("{FAE04EC0-301F-11D3-BF4B-00C04F79EFBC}") = "3.LastShop", "3\3.LastShop.csproj", "{CFED423B-190C-403A-9B99-3FEE3B6CD372}"
EndProject
Global
	GlobalSection(SolutionConfigurationPlatforms) = preSolution
		Debug|Any CPU = Debug|Any CPU
		Release|Any CPU = Release|Any CPU
	EndGlobalSection
	GlobalSection(ProjectConfigurationPlatforms) = postSolution
		{A5FF0F9C-31E2-4900-A9B3-9532B323ECE6}.Debug|Any CPU.ActiveCfg = Debug|Any CPU
		{A5FF0F9C-31E2-4900-A9B3-9532B323ECE6}.Debug|Any CPU.Build.0 = Debug|Any CPU
		{A5FF0F9C-31E2-4900-A9B3-9532B323ECE6}.Release|Any CPU.ActiveCfg = Release|Any CPU
		{A5FF0F9C-31E2-4900-A9B3-9532B323ECE6}.Release|Any CPU.Build.0 = Release|Any CPU
		{EF344FAD-8FF3-4D22-86D0-EC725356D899}.Debug|Any CPU.ActiveCfg = Debug|Any CPU
		{EF344FAD-8FF3-4D22-86D0-EC725356D899}.Debug|Any CPU.Build.0 = Debug|Any CPU
		{EF344FAD-8FF3-4D22-86D0-EC725356D899}.Release|Any CPU.ActiveCfg = Release|Any CPU
		{EF344FAD-8FF3-4D22-86D0-EC725356D899}.Release|Any CPU.Build.0 = Release|Any CPU
		{CFED423B-190C-403A-9B99-3FEE3B6CD372}.Debug|Any CPU.ActiveCfg = Debug|Any CPU
		{CFED423B-190C-403A-9B99-3FEE3B6CD372}.Debug|Any CPU.Build.0 = Debug|Any CPU
		{CFED423B-190C-403A-9B99-3FEE3B6CD372}.Release|Any CPU.ActiveCfg = Release|Any CPU
		{CFED423B-190C-403A-9B99-3FEE3B6CD372}.Release|Any CPU.Build.0 = Release|Any CPU
	EndGlobalSection
	GlobalSection(SolutionProperties) = preSolution
		HideSolutionNode = FALSE
	EndGlobalSection
	GlobalSection(ExtensibilityGlobals) = postSolution
		SolutionGuid = {1C9FF308-7335-4DE9-BBAF-2FBFB24539FB}
	EndGlobalSection
EndGlobal
