
Microsoft Visual Studio Solution File, Format Version 12.00
# Visual Studio Version 16
VisualStudioVersion = 16.0.31129.286
MinimumVisualStudioVersion = 10.0.40219.1
Project("{9A19103F-16F7-4668-BE54-9A1E7A4F7556}") = "ClassroomProject", "ClassroomProject.csproj", "{39A0AFD6-3EED-4F74-B1C3-9E549BC42AE8}"
EndProject
Project("{FAE04EC0-301F-11D3-BF4B-00C04F79EFBC}") = "2.Garden", "..\2.Garden\2.Garden.csproj", "{B2C37B7B-7684-42E4-ADC8-3501F82E0D57}"
EndProject
Global
	GlobalSection(SolutionConfigurationPlatforms) = preSolution
		Debug|Any CPU = Debug|Any CPU
		Release|Any CPU = Release|Any CPU
	EndGlobalSection
	GlobalSection(ProjectConfigurationPlatforms) = postSolution
		{39A0AFD6-3EED-4F74-B1C3-9E549BC42AE8}.Debug|Any CPU.ActiveCfg = Debug|Any CPU
		{39A0AFD6-3EED-4F74-B1C3-9E549BC42AE8}.Debug|Any CPU.Build.0 = Debug|Any CPU
		{39A0AFD6-3EED-4F74-B1C3-9E549BC42AE8}.Release|Any CPU.ActiveCfg = Release|Any CPU
		{39A0AFD6-3EED-4F74-B1C3-9E549BC42AE8}.Release|Any CPU.Build.0 = Release|Any CPU
		{B2C37B7B-7684-42E4-ADC8-3501F82E0D57}.Debug|Any CPU.ActiveCfg = Debug|Any CPU
		{B2C37B7B-7684-42E4-ADC8-3501F82E0D57}.Debug|Any CPU.Build.0 = Debug|Any CPU
		{B2C37B7B-7684-42E4-ADC8-3501F82E0D57}.Release|Any CPU.ActiveCfg = Release|Any CPU
		{B2C37B7B-7684-42E4-ADC8-3501F82E0D57}.Release|Any CPU.Build.0 = Release|Any CPU
	EndGlobalSection
	GlobalSection(SolutionProperties) = preSolution
		HideSolutionNode = FALSE
	EndGlobalSection
	GlobalSection(ExtensibilityGlobals) = postSolution
		SolutionGuid = {F24A805E-5B84-445A-B0F0-EBF7762D5AD0}
	EndGlobalSection
EndGlobal
