
Microsoft Visual Studio Solution File, Format Version 12.00
# Visual Studio Version 16
VisualStudioVersion = 16.0.30711.63
MinimumVisualStudioVersion = 10.0.40219.1
Project("{9A19103F-16F7-4668-BE54-9A1E7A4F7556}") = "CocktailParty", "CocktailParty.csproj", "{8ECFC2EA-FC81-400F-BBDF-AFFC472D2277}"
EndProject
Project("{FAE04EC0-301F-11D3-BF4B-00C04F79EFBC}") = "1.WarmWinter", "..\1.WarmWinter\1.WarmWinter.csproj", "{4D33CC68-31A9-48C1-9381-D6164CB33D03}"
EndProject
Project("{FAE04EC0-301F-11D3-BF4B-00C04F79EFBC}") = "2.SuperMario", "..\2.SuperMario\2.SuperMario.csproj", "{AADD43E9-6568-42F8-B01A-56D61094584B}"
EndProject
Global
	GlobalSection(SolutionConfigurationPlatforms) = preSolution
		Debug|Any CPU = Debug|Any CPU
		Release|Any CPU = Release|Any CPU
	EndGlobalSection
	GlobalSection(ProjectConfigurationPlatforms) = postSolution
		{8ECFC2EA-FC81-400F-BBDF-AFFC472D2277}.Debug|Any CPU.ActiveCfg = Debug|Any CPU
		{8ECFC2EA-FC81-400F-BBDF-AFFC472D2277}.Debug|Any CPU.Build.0 = Debug|Any CPU
		{8ECFC2EA-FC81-400F-BBDF-AFFC472D2277}.Release|Any CPU.ActiveCfg = Release|Any CPU
		{8ECFC2EA-FC81-400F-BBDF-AFFC472D2277}.Release|Any CPU.Build.0 = Release|Any CPU
		{4D33CC68-31A9-48C1-9381-D6164CB33D03}.Debug|Any CPU.ActiveCfg = Debug|Any CPU
		{4D33CC68-31A9-48C1-9381-D6164CB33D03}.Debug|Any CPU.Build.0 = Debug|Any CPU
		{4D33CC68-31A9-48C1-9381-D6164CB33D03}.Release|Any CPU.ActiveCfg = Release|Any CPU
		{4D33CC68-31A9-48C1-9381-D6164CB33D03}.Release|Any CPU.Build.0 = Release|Any CPU
		{AADD43E9-6568-42F8-B01A-56D61094584B}.Debug|Any CPU.ActiveCfg = Debug|Any CPU
		{AADD43E9-6568-42F8-B01A-56D61094584B}.Debug|Any CPU.Build.0 = Debug|Any CPU
		{AADD43E9-6568-42F8-B01A-56D61094584B}.Release|Any CPU.ActiveCfg = Release|Any CPU
		{AADD43E9-6568-42F8-B01A-56D61094584B}.Release|Any CPU.Build.0 = Release|Any CPU
	EndGlobalSection
	GlobalSection(SolutionProperties) = preSolution
		HideSolutionNode = FALSE
	EndGlobalSection
	GlobalSection(ExtensibilityGlobals) = postSolution
		SolutionGuid = {06EFBFD9-76D9-49DD-9308-96EDC09D18E5}
	EndGlobalSection
EndGlobal
