
Microsoft Visual Studio Solution File, Format Version 12.00
# Visual Studio Version 16
VisualStudioVersion = 16.0.30611.23
MinimumVisualStudioVersion = 10.0.40219.1
Project("{9A19103F-16F7-4668-BE54-9A1E7A4F7556}") = "02.OddOccurance", "2.OddOccurance\02.OddOccurance.csproj", "{57C29F42-3D9E-4574-A63D-C9DC56F6AC99}"
EndProject
Project("{9A19103F-16F7-4668-BE54-9A1E7A4F7556}") = "03.WordSynonyms", "3.WordSynonims\03.WordSynonyms.csproj", "{746B2E7D-35C9-486A-BDD6-9424C03E41B0}"
EndProject
Project("{9A19103F-16F7-4668-BE54-9A1E7A4F7556}") = "04.Largest3Numbers", "4.Largest3Numbers\04.Largest3Numbers.csproj", "{CF6335AC-D4CD-4216-83B4-DD7A472F52EA}"
EndProject
Project("{9A19103F-16F7-4668-BE54-9A1E7A4F7556}") = "5.WordFilter", "5.WordFilter\5.WordFilter.csproj", "{1A30FDBC-A78B-40C6-A389-8C81C78109B8}"
EndProject
Project("{9A19103F-16F7-4668-BE54-9A1E7A4F7556}") = "01.CountRealNumbers", "1.CountRealNumbers\01.CountRealNumbers.csproj", "{F3E2C619-C697-4119-8F76-C7AAD900B4DD}"
EndProject
Global
	GlobalSection(SolutionConfigurationPlatforms) = preSolution
		Debug|Any CPU = Debug|Any CPU
		Release|Any CPU = Release|Any CPU
	EndGlobalSection
	GlobalSection(ProjectConfigurationPlatforms) = postSolution
		{57C29F42-3D9E-4574-A63D-C9DC56F6AC99}.Debug|Any CPU.ActiveCfg = Debug|Any CPU
		{57C29F42-3D9E-4574-A63D-C9DC56F6AC99}.Debug|Any CPU.Build.0 = Debug|Any CPU
		{57C29F42-3D9E-4574-A63D-C9DC56F6AC99}.Release|Any CPU.ActiveCfg = Release|Any CPU
		{57C29F42-3D9E-4574-A63D-C9DC56F6AC99}.Release|Any CPU.Build.0 = Release|Any CPU
		{746B2E7D-35C9-486A-BDD6-9424C03E41B0}.Debug|Any CPU.ActiveCfg = Debug|Any CPU
		{746B2E7D-35C9-486A-BDD6-9424C03E41B0}.Debug|Any CPU.Build.0 = Debug|Any CPU
		{746B2E7D-35C9-486A-BDD6-9424C03E41B0}.Release|Any CPU.ActiveCfg = Release|Any CPU
		{746B2E7D-35C9-486A-BDD6-9424C03E41B0}.Release|Any CPU.Build.0 = Release|Any CPU
		{CF6335AC-D4CD-4216-83B4-DD7A472F52EA}.Debug|Any CPU.ActiveCfg = Debug|Any CPU
		{CF6335AC-D4CD-4216-83B4-DD7A472F52EA}.Debug|Any CPU.Build.0 = Debug|Any CPU
		{CF6335AC-D4CD-4216-83B4-DD7A472F52EA}.Release|Any CPU.ActiveCfg = Release|Any CPU
		{CF6335AC-D4CD-4216-83B4-DD7A472F52EA}.Release|Any CPU.Build.0 = Release|Any CPU
		{1A30FDBC-A78B-40C6-A389-8C81C78109B8}.Debug|Any CPU.ActiveCfg = Debug|Any CPU
		{1A30FDBC-A78B-40C6-A389-8C81C78109B8}.Debug|Any CPU.Build.0 = Debug|Any CPU
		{1A30FDBC-A78B-40C6-A389-8C81C78109B8}.Release|Any CPU.ActiveCfg = Release|Any CPU
		{1A30FDBC-A78B-40C6-A389-8C81C78109B8}.Release|Any CPU.Build.0 = Release|Any CPU
		{F3E2C619-C697-4119-8F76-C7AAD900B4DD}.Debug|Any CPU.ActiveCfg = Debug|Any CPU
		{F3E2C619-C697-4119-8F76-C7AAD900B4DD}.Debug|Any CPU.Build.0 = Debug|Any CPU
		{F3E2C619-C697-4119-8F76-C7AAD900B4DD}.Release|Any CPU.ActiveCfg = Release|Any CPU
		{F3E2C619-C697-4119-8F76-C7AAD900B4DD}.Release|Any CPU.Build.0 = Release|Any CPU
	EndGlobalSection
	GlobalSection(SolutionProperties) = preSolution
		HideSolutionNode = FALSE
	EndGlobalSection
	GlobalSection(ExtensibilityGlobals) = postSolution
		SolutionGuid = {19919985-5257-4FE6-90F7-DE852E34724A}
	EndGlobalSection
EndGlobal
