
Microsoft Visual Studio Solution File, Format Version 12.00
# Visual Studio Version 16
VisualStudioVersion = 16.0.30907.101
MinimumVisualStudioVersion = 10.0.40219.1
Project("{9A19103F-16F7-4668-BE54-9A1E7A4F7556}") = "2", "2\2.csproj", "{C26E1E04-E936-49ED-87FD-3FCEBA26914E}"
EndProject
Project("{9A19103F-16F7-4668-BE54-9A1E7A4F7556}") = "1", "1\1.csproj", "{FC4462E0-4E39-4BF2-A891-581B48C2E49A}"
EndProject
Global
	GlobalSection(SolutionConfigurationPlatforms) = preSolution
		Debug|Any CPU = Debug|Any CPU
		Release|Any CPU = Release|Any CPU
	EndGlobalSection
	GlobalSection(ProjectConfigurationPlatforms) = postSolution
		{C26E1E04-E936-49ED-87FD-3FCEBA26914E}.Debug|Any CPU.ActiveCfg = Debug|Any CPU
		{C26E1E04-E936-49ED-87FD-3FCEBA26914E}.Debug|Any CPU.Build.0 = Debug|Any CPU
		{C26E1E04-E936-49ED-87FD-3FCEBA26914E}.Release|Any CPU.ActiveCfg = Release|Any CPU
		{C26E1E04-E936-49ED-87FD-3FCEBA26914E}.Release|Any CPU.Build.0 = Release|Any CPU
		{FC4462E0-4E39-4BF2-A891-581B48C2E49A}.Debug|Any CPU.ActiveCfg = Debug|Any CPU
		{FC4462E0-4E39-4BF2-A891-581B48C2E49A}.Debug|Any CPU.Build.0 = Debug|Any CPU
		{FC4462E0-4E39-4BF2-A891-581B48C2E49A}.Release|Any CPU.ActiveCfg = Release|Any CPU
		{FC4462E0-4E39-4BF2-A891-581B48C2E49A}.Release|Any CPU.Build.0 = Release|Any CPU
	EndGlobalSection
	GlobalSection(SolutionProperties) = preSolution
		HideSolutionNode = FALSE
	EndGlobalSection
	GlobalSection(ExtensibilityGlobals) = postSolution
		SolutionGuid = {FE3C58FA-AB00-469E-AD64-469D01067B03}
	EndGlobalSection
EndGlobal
