
Microsoft Visual Studio Solution File, Format Version 12.00
# Visual Studio Version 16
VisualStudioVersion = 16.0.30907.101
MinimumVisualStudioVersion = 10.0.40219.1
Project("{9A19103F-16F7-4668-BE54-9A1E7A4F7556}") = "1.2.3.SingleInheritance", "1.SingleInheritance\1.2.3.SingleInheritance.csproj", "{455CE2F2-8283-4F69-8949-0FB248413375}"
EndProject
Project("{9A19103F-16F7-4668-BE54-9A1E7A4F7556}") = "4.RandomList", "4.RandomList\4.RandomList.csproj", "{2B1591F0-3BB8-4CA4-9885-9DE391AF100A}"
EndProject
Project("{FAE04EC0-301F-11D3-BF4B-00C04F79EFBC}") = "5.StackOfStrings", "5.StackOfStrings\5.StackOfStrings.csproj", "{D30C119B-4CE9-46C3-AD0E-45329422E6B0}"
EndProject
Global
	GlobalSection(SolutionConfigurationPlatforms) = preSolution
		Debug|Any CPU = Debug|Any CPU
		Release|Any CPU = Release|Any CPU
	EndGlobalSection
	GlobalSection(ProjectConfigurationPlatforms) = postSolution
		{455CE2F2-8283-4F69-8949-0FB248413375}.Debug|Any CPU.ActiveCfg = Debug|Any CPU
		{455CE2F2-8283-4F69-8949-0FB248413375}.Debug|Any CPU.Build.0 = Debug|Any CPU
		{455CE2F2-8283-4F69-8949-0FB248413375}.Release|Any CPU.ActiveCfg = Release|Any CPU
		{455CE2F2-8283-4F69-8949-0FB248413375}.Release|Any CPU.Build.0 = Release|Any CPU
		{2B1591F0-3BB8-4CA4-9885-9DE391AF100A}.Debug|Any CPU.ActiveCfg = Debug|Any CPU
		{2B1591F0-3BB8-4CA4-9885-9DE391AF100A}.Debug|Any CPU.Build.0 = Debug|Any CPU
		{2B1591F0-3BB8-4CA4-9885-9DE391AF100A}.Release|Any CPU.ActiveCfg = Release|Any CPU
		{2B1591F0-3BB8-4CA4-9885-9DE391AF100A}.Release|Any CPU.Build.0 = Release|Any CPU
		{D30C119B-4CE9-46C3-AD0E-45329422E6B0}.Debug|Any CPU.ActiveCfg = Debug|Any CPU
		{D30C119B-4CE9-46C3-AD0E-45329422E6B0}.Debug|Any CPU.Build.0 = Debug|Any CPU
		{D30C119B-4CE9-46C3-AD0E-45329422E6B0}.Release|Any CPU.ActiveCfg = Release|Any CPU
		{D30C119B-4CE9-46C3-AD0E-45329422E6B0}.Release|Any CPU.Build.0 = Release|Any CPU
	EndGlobalSection
	GlobalSection(SolutionProperties) = preSolution
		HideSolutionNode = FALSE
	EndGlobalSection
	GlobalSection(ExtensibilityGlobals) = postSolution
		SolutionGuid = {B9CCA6FC-C92B-44E1-8FC1-D2C43A265920}
	EndGlobalSection
EndGlobal
