
Microsoft Visual Studio Solution File, Format Version 12.00
# Visual Studio Version 16
VisualStudioVersion = 16.0.30611.23
MinimumVisualStudioVersion = 10.0.40219.1
Project("{FAE04EC0-301F-11D3-BF4B-00C04F79EFBC}") = "1.ActivationKeys", "1.ActivationKeys\1.ActivationKeys.csproj", "{65591B8A-B500-475B-BD37-4F5C63B95BA1}"
EndProject
Project("{FAE04EC0-301F-11D3-BF4B-00C04F79EFBC}") = "2.EmojiDetector", "2.EmojiDetector\2.EmojiDetector.csproj", "{1E1BC65A-EED5-449A-8689-3D7794A63C26}"
EndProject
Project("{FAE04EC0-301F-11D3-BF4B-00C04F79EFBC}") = "3.P!rates", "3.P!rates\3.P!rates.csproj", "{572345D5-4952-48FC-AA31-FD21F7265658}"
EndProject
Global
	GlobalSection(SolutionConfigurationPlatforms) = preSolution
		Debug|Any CPU = Debug|Any CPU
		Release|Any CPU = Release|Any CPU
	EndGlobalSection
	GlobalSection(ProjectConfigurationPlatforms) = postSolution
		{65591B8A-B500-475B-BD37-4F5C63B95BA1}.Debug|Any CPU.ActiveCfg = Debug|Any CPU
		{65591B8A-B500-475B-BD37-4F5C63B95BA1}.Debug|Any CPU.Build.0 = Debug|Any CPU
		{65591B8A-B500-475B-BD37-4F5C63B95BA1}.Release|Any CPU.ActiveCfg = Release|Any CPU
		{65591B8A-B500-475B-BD37-4F5C63B95BA1}.Release|Any CPU.Build.0 = Release|Any CPU
		{1E1BC65A-EED5-449A-8689-3D7794A63C26}.Debug|Any CPU.ActiveCfg = Debug|Any CPU
		{1E1BC65A-EED5-449A-8689-3D7794A63C26}.Debug|Any CPU.Build.0 = Debug|Any CPU
		{1E1BC65A-EED5-449A-8689-3D7794A63C26}.Release|Any CPU.ActiveCfg = Release|Any CPU
		{1E1BC65A-EED5-449A-8689-3D7794A63C26}.Release|Any CPU.Build.0 = Release|Any CPU
		{572345D5-4952-48FC-AA31-FD21F7265658}.Debug|Any CPU.ActiveCfg = Debug|Any CPU
		{572345D5-4952-48FC-AA31-FD21F7265658}.Debug|Any CPU.Build.0 = Debug|Any CPU
		{572345D5-4952-48FC-AA31-FD21F7265658}.Release|Any CPU.ActiveCfg = Release|Any CPU
		{572345D5-4952-48FC-AA31-FD21F7265658}.Release|Any CPU.Build.0 = Release|Any CPU
	EndGlobalSection
	GlobalSection(SolutionProperties) = preSolution
		HideSolutionNode = FALSE
	EndGlobalSection
	GlobalSection(ExtensibilityGlobals) = postSolution
		SolutionGuid = {34B8D217-33D4-443F-931D-881A50005E77}
	EndGlobalSection
EndGlobal
