
Microsoft Visual Studio Solution File, Format Version 12.00
# Visual Studio Version 16
VisualStudioVersion = 16.0.30204.135
MinimumVisualStudioVersion = 10.0.40219.1
Project("{9A19103F-16F7-4668-BE54-9A1E7A4F7556}") = "02Half", "02\02Half.csproj", "{4BA3734E-19A0-4FE2-9FE7-6C007BA96482}"
EndProject
Project("{9A19103F-16F7-4668-BE54-9A1E7A4F7556}") = "03OddEvenPos", "03\03OddEvenPos.csproj", "{CC2B2847-5F81-42BD-9858-2463EFA9C865}"
EndProject
Project("{9A19103F-16F7-4668-BE54-9A1E7A4F7556}") = "04Histogram", "04\04Histogram.csproj", "{887C12B6-9B05-4791-8BB1-0F22D24DAE90}"
EndProject
Project("{9A19103F-16F7-4668-BE54-9A1E7A4F7556}") = "05DivisionRwminder", "05\05DivisionRwminder.csproj", "{B4A83903-A3D9-4DFB-B937-8CA16DF15891}"
EndProject
Project("{9A19103F-16F7-4668-BE54-9A1E7A4F7556}") = "06Salary", "06\06Salary.csproj", "{6C0CB399-6A78-4AF6-9FA6-8CB313EFCB9F}"
EndProject
Project("{9A19103F-16F7-4668-BE54-9A1E7A4F7556}") = "07", "07\07.csproj", "{8843BA5D-42B0-40EA-8330-64D332A0A6E5}"
EndProject
Project("{9A19103F-16F7-4668-BE54-9A1E7A4F7556}") = "01Nums1To1000", "01Nums1To1000\01Nums1To1000.csproj", "{E0A65A89-1F85-41E9-8926-06730A6AD679}"
EndProject
Global
	GlobalSection(SolutionConfigurationPlatforms) = preSolution
		Debug|Any CPU = Debug|Any CPU
		Release|Any CPU = Release|Any CPU
	EndGlobalSection
	GlobalSection(ProjectConfigurationPlatforms) = postSolution
		{4BA3734E-19A0-4FE2-9FE7-6C007BA96482}.Debug|Any CPU.ActiveCfg = Debug|Any CPU
		{4BA3734E-19A0-4FE2-9FE7-6C007BA96482}.Debug|Any CPU.Build.0 = Debug|Any CPU
		{4BA3734E-19A0-4FE2-9FE7-6C007BA96482}.Release|Any CPU.ActiveCfg = Release|Any CPU
		{4BA3734E-19A0-4FE2-9FE7-6C007BA96482}.Release|Any CPU.Build.0 = Release|Any CPU
		{CC2B2847-5F81-42BD-9858-2463EFA9C865}.Debug|Any CPU.ActiveCfg = Debug|Any CPU
		{CC2B2847-5F81-42BD-9858-2463EFA9C865}.Debug|Any CPU.Build.0 = Debug|Any CPU
		{CC2B2847-5F81-42BD-9858-2463EFA9C865}.Release|Any CPU.ActiveCfg = Release|Any CPU
		{CC2B2847-5F81-42BD-9858-2463EFA9C865}.Release|Any CPU.Build.0 = Release|Any CPU
		{887C12B6-9B05-4791-8BB1-0F22D24DAE90}.Debug|Any CPU.ActiveCfg = Debug|Any CPU
		{887C12B6-9B05-4791-8BB1-0F22D24DAE90}.Debug|Any CPU.Build.0 = Debug|Any CPU
		{887C12B6-9B05-4791-8BB1-0F22D24DAE90}.Release|Any CPU.ActiveCfg = Release|Any CPU
		{887C12B6-9B05-4791-8BB1-0F22D24DAE90}.Release|Any CPU.Build.0 = Release|Any CPU
		{B4A83903-A3D9-4DFB-B937-8CA16DF15891}.Debug|Any CPU.ActiveCfg = Debug|Any CPU
		{B4A83903-A3D9-4DFB-B937-8CA16DF15891}.Debug|Any CPU.Build.0 = Debug|Any CPU
		{B4A83903-A3D9-4DFB-B937-8CA16DF15891}.Release|Any CPU.ActiveCfg = Release|Any CPU
		{B4A83903-A3D9-4DFB-B937-8CA16DF15891}.Release|Any CPU.Build.0 = Release|Any CPU
		{6C0CB399-6A78-4AF6-9FA6-8CB313EFCB9F}.Debug|Any CPU.ActiveCfg = Debug|Any CPU
		{6C0CB399-6A78-4AF6-9FA6-8CB313EFCB9F}.Debug|Any CPU.Build.0 = Debug|Any CPU
		{6C0CB399-6A78-4AF6-9FA6-8CB313EFCB9F}.Release|Any CPU.ActiveCfg = Release|Any CPU
		{6C0CB399-6A78-4AF6-9FA6-8CB313EFCB9F}.Release|Any CPU.Build.0 = Release|Any CPU
		{8843BA5D-42B0-40EA-8330-64D332A0A6E5}.Debug|Any CPU.ActiveCfg = Debug|Any CPU
		{8843BA5D-42B0-40EA-8330-64D332A0A6E5}.Debug|Any CPU.Build.0 = Debug|Any CPU
		{8843BA5D-42B0-40EA-8330-64D332A0A6E5}.Release|Any CPU.ActiveCfg = Release|Any CPU
		{8843BA5D-42B0-40EA-8330-64D332A0A6E5}.Release|Any CPU.Build.0 = Release|Any CPU
		{E0A65A89-1F85-41E9-8926-06730A6AD679}.Debug|Any CPU.ActiveCfg = Debug|Any CPU
		{E0A65A89-1F85-41E9-8926-06730A6AD679}.Debug|Any CPU.Build.0 = Debug|Any CPU
		{E0A65A89-1F85-41E9-8926-06730A6AD679}.Release|Any CPU.ActiveCfg = Release|Any CPU
		{E0A65A89-1F85-41E9-8926-06730A6AD679}.Release|Any CPU.Build.0 = Release|Any CPU
	EndGlobalSection
	GlobalSection(SolutionProperties) = preSolution
		HideSolutionNode = FALSE
	EndGlobalSection
	GlobalSection(ExtensibilityGlobals) = postSolution
		SolutionGuid = {286015BC-7953-4938-A044-B6BDB7CEA7B3}
	EndGlobalSection
EndGlobal
