
Microsoft Visual Studio Solution File, Format Version 12.00
# Visual Studio Version 16
VisualStudioVersion = 16.0.30611.23
MinimumVisualStudioVersion = 10.0.40219.1
Project("{FAE04EC0-301F-11D3-BF4B-00C04F79EFBC}") = "1", "1\1.csproj", "{4D10091B-8BD7-463D-8E59-979E9531089A}"
EndProject
Project("{FAE04EC0-301F-11D3-BF4B-00C04F79EFBC}") = "2", "2\2.csproj", "{48110D4A-673B-4E88-B6FC-61BC3F108972}"
EndProject
Project("{FAE04EC0-301F-11D3-BF4B-00C04F79EFBC}") = "3", "3\3.csproj", "{C32DD965-B3F7-45FE-A2EC-BC779EE2E38D}"
EndProject
Global
	GlobalSection(SolutionConfigurationPlatforms) = preSolution
		Debug|Any CPU = Debug|Any CPU
		Release|Any CPU = Release|Any CPU
	EndGlobalSection
	GlobalSection(ProjectConfigurationPlatforms) = postSolution
		{4D10091B-8BD7-463D-8E59-979E9531089A}.Debug|Any CPU.ActiveCfg = Debug|Any CPU
		{4D10091B-8BD7-463D-8E59-979E9531089A}.Debug|Any CPU.Build.0 = Debug|Any CPU
		{4D10091B-8BD7-463D-8E59-979E9531089A}.Release|Any CPU.ActiveCfg = Release|Any CPU
		{4D10091B-8BD7-463D-8E59-979E9531089A}.Release|Any CPU.Build.0 = Release|Any CPU
		{48110D4A-673B-4E88-B6FC-61BC3F108972}.Debug|Any CPU.ActiveCfg = Debug|Any CPU
		{48110D4A-673B-4E88-B6FC-61BC3F108972}.Debug|Any CPU.Build.0 = Debug|Any CPU
		{48110D4A-673B-4E88-B6FC-61BC3F108972}.Release|Any CPU.ActiveCfg = Release|Any CPU
		{48110D4A-673B-4E88-B6FC-61BC3F108972}.Release|Any CPU.Build.0 = Release|Any CPU
		{C32DD965-B3F7-45FE-A2EC-BC779EE2E38D}.Debug|Any CPU.ActiveCfg = Debug|Any CPU
		{C32DD965-B3F7-45FE-A2EC-BC779EE2E38D}.Debug|Any CPU.Build.0 = Debug|Any CPU
		{C32DD965-B3F7-45FE-A2EC-BC779EE2E38D}.Release|Any CPU.ActiveCfg = Release|Any CPU
		{C32DD965-B3F7-45FE-A2EC-BC779EE2E38D}.Release|Any CPU.Build.0 = Release|Any CPU
	EndGlobalSection
	GlobalSection(SolutionProperties) = preSolution
		HideSolutionNode = FALSE
	EndGlobalSection
	GlobalSection(ExtensibilityGlobals) = postSolution
		SolutionGuid = {4C1C7C35-C513-457F-A2F9-830956CE7758}
	EndGlobalSection
EndGlobal
