
Microsoft Visual Studio Solution File, Format Version 12.00
# Visual Studio Version 16
VisualStudioVersion = 16.0.30907.101
MinimumVisualStudioVersion = 10.0.40219.1
Project("{9A19103F-16F7-4668-BE54-9A1E7A4F7556}") = "ClassroomProject", "ClassroomProject.csproj", "{ED111513-FF74-4389-BFBD-BDAF7E55CF3A}"
EndProject
Project("{FAE04EC0-301F-11D3-BF4B-00C04F79EFBC}") = "NewTry", "..\NewTry\NewTry.csproj", "{EE03A5C8-37A7-4DAC-9E09-1F645468C11F}"
EndProject
Global
	GlobalSection(SolutionConfigurationPlatforms) = preSolution
		Debug|Any CPU = Debug|Any CPU
		Release|Any CPU = Release|Any CPU
	EndGlobalSection
	GlobalSection(ProjectConfigurationPlatforms) = postSolution
		{ED111513-FF74-4389-BFBD-BDAF7E55CF3A}.Debug|Any CPU.ActiveCfg = Debug|Any CPU
		{ED111513-FF74-4389-BFBD-BDAF7E55CF3A}.Debug|Any CPU.Build.0 = Debug|Any CPU
		{ED111513-FF74-4389-BFBD-BDAF7E55CF3A}.Release|Any CPU.ActiveCfg = Release|Any CPU
		{ED111513-FF74-4389-BFBD-BDAF7E55CF3A}.Release|Any CPU.Build.0 = Release|Any CPU
		{EE03A5C8-37A7-4DAC-9E09-1F645468C11F}.Debug|Any CPU.ActiveCfg = Debug|Any CPU
		{EE03A5C8-37A7-4DAC-9E09-1F645468C11F}.Debug|Any CPU.Build.0 = Debug|Any CPU
		{EE03A5C8-37A7-4DAC-9E09-1F645468C11F}.Release|Any CPU.ActiveCfg = Release|Any CPU
		{EE03A5C8-37A7-4DAC-9E09-1F645468C11F}.Release|Any CPU.Build.0 = Release|Any CPU
	EndGlobalSection
	GlobalSection(SolutionProperties) = preSolution
		HideSolutionNode = FALSE
	EndGlobalSection
	GlobalSection(ExtensibilityGlobals) = postSolution
		SolutionGuid = {A874B681-7341-4304-A03F-F17A4C815890}
	EndGlobalSection
EndGlobal
