
Microsoft Visual Studio Solution File, Format Version 12.00
# Visual Studio Version 16
VisualStudioVersion = 16.0.30611.23
MinimumVisualStudioVersion = 10.0.40219.1
Project("{9A19103F-16F7-4668-BE54-9A1E7A4F7556}") = "1.BonusScoringSystem", "MEPrep290220G1\1.BonusScoringSystem.csproj", "{F463A4CE-7D5D-4B28-B3DE-FE538FA3D5C8}"
EndProject
Project("{9A19103F-16F7-4668-BE54-9A1E7A4F7556}") = "2.Dungeon", "2.Dungeon\2.Dungeon.csproj", "{8B4D9605-BBF2-4132-AA7E-E9C037CEA666}"
EndProject
Project("{FAE04EC0-301F-11D3-BF4B-00C04F79EFBC}") = "3.Inventory", "3.Inventory\3.Inventory.csproj", "{624E1464-04CF-42B1-BC9C-DCF0FC180297}"
EndProject
Global
	GlobalSection(SolutionConfigurationPlatforms) = preSolution
		Debug|Any CPU = Debug|Any CPU
		Release|Any CPU = Release|Any CPU
	EndGlobalSection
	GlobalSection(ProjectConfigurationPlatforms) = postSolution
		{F463A4CE-7D5D-4B28-B3DE-FE538FA3D5C8}.Debug|Any CPU.ActiveCfg = Debug|Any CPU
		{F463A4CE-7D5D-4B28-B3DE-FE538FA3D5C8}.Debug|Any CPU.Build.0 = Debug|Any CPU
		{F463A4CE-7D5D-4B28-B3DE-FE538FA3D5C8}.Release|Any CPU.ActiveCfg = Release|Any CPU
		{F463A4CE-7D5D-4B28-B3DE-FE538FA3D5C8}.Release|Any CPU.Build.0 = Release|Any CPU
		{8B4D9605-BBF2-4132-AA7E-E9C037CEA666}.Debug|Any CPU.ActiveCfg = Debug|Any CPU
		{8B4D9605-BBF2-4132-AA7E-E9C037CEA666}.Debug|Any CPU.Build.0 = Debug|Any CPU
		{8B4D9605-BBF2-4132-AA7E-E9C037CEA666}.Release|Any CPU.ActiveCfg = Release|Any CPU
		{8B4D9605-BBF2-4132-AA7E-E9C037CEA666}.Release|Any CPU.Build.0 = Release|Any CPU
		{624E1464-04CF-42B1-BC9C-DCF0FC180297}.Debug|Any CPU.ActiveCfg = Debug|Any CPU
		{624E1464-04CF-42B1-BC9C-DCF0FC180297}.Debug|Any CPU.Build.0 = Debug|Any CPU
		{624E1464-04CF-42B1-BC9C-DCF0FC180297}.Release|Any CPU.ActiveCfg = Release|Any CPU
		{624E1464-04CF-42B1-BC9C-DCF0FC180297}.Release|Any CPU.Build.0 = Release|Any CPU
	EndGlobalSection
	GlobalSection(SolutionProperties) = preSolution
		HideSolutionNode = FALSE
	EndGlobalSection
	GlobalSection(ExtensibilityGlobals) = postSolution
		SolutionGuid = {7ED9A8D2-456C-493E-B135-1B392F4B6574}
	EndGlobalSection
EndGlobal
