
Microsoft Visual Studio Solution File, Format Version 12.00
# Visual Studio Version 16
VisualStudioVersion = 16.0.30611.23
MinimumVisualStudioVersion = 10.0.40219.1
Project("{9A19103F-16F7-4668-BE54-9A1E7A4F7556}") = "2.CarRace", "2.CarRace\2.CarRace.csproj", "{8BFC2E00-62B2-41AE-9E51-76ABE66C1529}"
EndProject
Project("{9A19103F-16F7-4668-BE54-9A1E7A4F7556}") = "1.Messaging", "1.Messaging\1.Messaging.csproj", "{ABC4C991-FE23-4E8D-BD5A-04498DE6B74C}"
EndProject
Global
	GlobalSection(SolutionConfigurationPlatforms) = preSolution
		Debug|Any CPU = Debug|Any CPU
		Release|Any CPU = Release|Any CPU
	EndGlobalSection
	GlobalSection(ProjectConfigurationPlatforms) = postSolution
		{8BFC2E00-62B2-41AE-9E51-76ABE66C1529}.Debug|Any CPU.ActiveCfg = Debug|Any CPU
		{8BFC2E00-62B2-41AE-9E51-76ABE66C1529}.Debug|Any CPU.Build.0 = Debug|Any CPU
		{8BFC2E00-62B2-41AE-9E51-76ABE66C1529}.Release|Any CPU.ActiveCfg = Release|Any CPU
		{8BFC2E00-62B2-41AE-9E51-76ABE66C1529}.Release|Any CPU.Build.0 = Release|Any CPU
		{ABC4C991-FE23-4E8D-BD5A-04498DE6B74C}.Debug|Any CPU.ActiveCfg = Debug|Any CPU
		{ABC4C991-FE23-4E8D-BD5A-04498DE6B74C}.Debug|Any CPU.Build.0 = Debug|Any CPU
		{ABC4C991-FE23-4E8D-BD5A-04498DE6B74C}.Release|Any CPU.ActiveCfg = Release|Any CPU
		{ABC4C991-FE23-4E8D-BD5A-04498DE6B74C}.Release|Any CPU.Build.0 = Release|Any CPU
	EndGlobalSection
	GlobalSection(SolutionProperties) = preSolution
		HideSolutionNode = FALSE
	EndGlobalSection
	GlobalSection(ExtensibilityGlobals) = postSolution
		SolutionGuid = {0F308509-44B0-4108-8221-6E554CAB8C58}
	EndGlobalSection
EndGlobal
