
Microsoft Visual Studio Solution File, Format Version 12.00
# Visual Studio Version 16
VisualStudioVersion = 16.0.30611.23
MinimumVisualStudioVersion = 10.0.40219.1
Project("{9A19103F-16F7-4668-BE54-9A1E7A4F7556}") = "1.Disney", "MEPrep101219\1.Disney.csproj", "{66F65FF7-FC09-4BE7-BF30-28CC25963F42}"
EndProject
Project("{FAE04EC0-301F-11D3-BF4B-00C04F79EFBC}") = "2.ArcheryTournament", "2.ArcheryTournament\2.ArcheryTournament.csproj", "{A6182807-1DD1-4425-9B70-B757B8A48B56}"
EndProject
Project("{FAE04EC0-301F-11D3-BF4B-00C04F79EFBC}") = "3.Library", "3.Library\3.Library.csproj", "{8E9255DD-BD8B-4A05-8358-650704CA8A68}"
EndProject
Global
	GlobalSection(SolutionConfigurationPlatforms) = preSolution
		Debug|Any CPU = Debug|Any CPU
		Release|Any CPU = Release|Any CPU
	EndGlobalSection
	GlobalSection(ProjectConfigurationPlatforms) = postSolution
		{66F65FF7-FC09-4BE7-BF30-28CC25963F42}.Debug|Any CPU.ActiveCfg = Debug|Any CPU
		{66F65FF7-FC09-4BE7-BF30-28CC25963F42}.Debug|Any CPU.Build.0 = Debug|Any CPU
		{66F65FF7-FC09-4BE7-BF30-28CC25963F42}.Release|Any CPU.ActiveCfg = Release|Any CPU
		{66F65FF7-FC09-4BE7-BF30-28CC25963F42}.Release|Any CPU.Build.0 = Release|Any CPU
		{A6182807-1DD1-4425-9B70-B757B8A48B56}.Debug|Any CPU.ActiveCfg = Debug|Any CPU
		{A6182807-1DD1-4425-9B70-B757B8A48B56}.Debug|Any CPU.Build.0 = Debug|Any CPU
		{A6182807-1DD1-4425-9B70-B757B8A48B56}.Release|Any CPU.ActiveCfg = Release|Any CPU
		{A6182807-1DD1-4425-9B70-B757B8A48B56}.Release|Any CPU.Build.0 = Release|Any CPU
		{8E9255DD-BD8B-4A05-8358-650704CA8A68}.Debug|Any CPU.ActiveCfg = Debug|Any CPU
		{8E9255DD-BD8B-4A05-8358-650704CA8A68}.Debug|Any CPU.Build.0 = Debug|Any CPU
		{8E9255DD-BD8B-4A05-8358-650704CA8A68}.Release|Any CPU.ActiveCfg = Release|Any CPU
		{8E9255DD-BD8B-4A05-8358-650704CA8A68}.Release|Any CPU.Build.0 = Release|Any CPU
	EndGlobalSection
	GlobalSection(SolutionProperties) = preSolution
		HideSolutionNode = FALSE
	EndGlobalSection
	GlobalSection(ExtensibilityGlobals) = postSolution
		SolutionGuid = {10F14D74-F582-40F1-AB08-EE3C46D5A377}
	EndGlobalSection
EndGlobal
