
Microsoft Visual Studio Solution File, Format Version 12.00
# Visual Studio Version 16
VisualStudioVersion = 16.0.30611.23
MinimumVisualStudioVersion = 10.0.40219.1
Project("{9A19103F-16F7-4668-BE54-9A1E7A4F7556}") = "1.SecretChat", "FinalRetake100420\1.SecretChat.csproj", "{1E253EB1-CFF6-4FA7-AFC9-95FA6F8B0988}"
EndProject
Project("{FAE04EC0-301F-11D3-BF4B-00C04F79EFBC}") = "2.MirrorWords", "2.MirrorWords\2.MirrorWords.csproj", "{8CBEA4CF-1AEB-444B-8819-FD111C5658D1}"
EndProject
Project("{FAE04EC0-301F-11D3-BF4B-00C04F79EFBC}") = "3.NeedForSpeedIII", "3.NeedForSpeedIII\3.NeedForSpeedIII.csproj", "{FAA010CC-22D3-44F7-A3EA-933CDA4A11D4}"
EndProject
Global
	GlobalSection(SolutionConfigurationPlatforms) = preSolution
		Debug|Any CPU = Debug|Any CPU
		Release|Any CPU = Release|Any CPU
	EndGlobalSection
	GlobalSection(ProjectConfigurationPlatforms) = postSolution
		{1E253EB1-CFF6-4FA7-AFC9-95FA6F8B0988}.Debug|Any CPU.ActiveCfg = Debug|Any CPU
		{1E253EB1-CFF6-4FA7-AFC9-95FA6F8B0988}.Debug|Any CPU.Build.0 = Debug|Any CPU
		{1E253EB1-CFF6-4FA7-AFC9-95FA6F8B0988}.Release|Any CPU.ActiveCfg = Release|Any CPU
		{1E253EB1-CFF6-4FA7-AFC9-95FA6F8B0988}.Release|Any CPU.Build.0 = Release|Any CPU
		{8CBEA4CF-1AEB-444B-8819-FD111C5658D1}.Debug|Any CPU.ActiveCfg = Debug|Any CPU
		{8CBEA4CF-1AEB-444B-8819-FD111C5658D1}.Debug|Any CPU.Build.0 = Debug|Any CPU
		{8CBEA4CF-1AEB-444B-8819-FD111C5658D1}.Release|Any CPU.ActiveCfg = Release|Any CPU
		{8CBEA4CF-1AEB-444B-8819-FD111C5658D1}.Release|Any CPU.Build.0 = Release|Any CPU
		{FAA010CC-22D3-44F7-A3EA-933CDA4A11D4}.Debug|Any CPU.ActiveCfg = Debug|Any CPU
		{FAA010CC-22D3-44F7-A3EA-933CDA4A11D4}.Debug|Any CPU.Build.0 = Debug|Any CPU
		{FAA010CC-22D3-44F7-A3EA-933CDA4A11D4}.Release|Any CPU.ActiveCfg = Release|Any CPU
		{FAA010CC-22D3-44F7-A3EA-933CDA4A11D4}.Release|Any CPU.Build.0 = Release|Any CPU
	EndGlobalSection
	GlobalSection(SolutionProperties) = preSolution
		HideSolutionNode = FALSE
	EndGlobalSection
	GlobalSection(ExtensibilityGlobals) = postSolution
		SolutionGuid = {041CC9F8-0A0F-4EFC-83EE-49D2F54CA960}
	EndGlobalSection
EndGlobal
