
Microsoft Visual Studio Solution File, Format Version 12.00
# Visual Studio Version 16
VisualStudioVersion = 16.0.30611.23
MinimumVisualStudioVersion = 10.0.40219.1
Project("{9A19103F-16F7-4668-BE54-9A1E7A4F7556}") = "01.Furniture", "1.Furniture\01.Furniture.csproj", "{E27E276D-2496-4086-8E18-50F5DE35DBEE}"
EndProject
Project("{9A19103F-16F7-4668-BE54-9A1E7A4F7556}") = "03.BarIncome", "3.BarIncome\03.BarIncome.csproj", "{49513D07-2891-4352-A67E-92229A812F17}"
EndProject
Project("{9A19103F-16F7-4668-BE54-9A1E7A4F7556}") = "06.ExtractEmails", "6.ExtractEmails\06.ExtractEmails.csproj", "{B2F32530-0DC9-4651-AB48-ED706E897BC5}"
EndProject
Project("{9A19103F-16F7-4668-BE54-9A1E7A4F7556}") = "02.Race", "02.Race\02.Race.csproj", "{D55D8B38-2519-4734-A55E-4239C9BBC4E2}"
EndProject
Project("{9A19103F-16F7-4668-BE54-9A1E7A4F7556}") = "4.StarEnigma", "4.StarEnigma\4.StarEnigma.csproj", "{EDBC0145-E935-4879-B9F4-D015C76F4FC3}"
EndProject
Project("{FAE04EC0-301F-11D3-BF4B-00C04F79EFBC}") = "5.NetherRealms", "5.NetherRealms\5.NetherRealms.csproj", "{975BEA74-73BE-40A9-9FD5-E9E2258284B9}"
EndProject
Global
	GlobalSection(SolutionConfigurationPlatforms) = preSolution
		Debug|Any CPU = Debug|Any CPU
		Release|Any CPU = Release|Any CPU
	EndGlobalSection
	GlobalSection(ProjectConfigurationPlatforms) = postSolution
		{E27E276D-2496-4086-8E18-50F5DE35DBEE}.Debug|Any CPU.ActiveCfg = Debug|Any CPU
		{E27E276D-2496-4086-8E18-50F5DE35DBEE}.Debug|Any CPU.Build.0 = Debug|Any CPU
		{E27E276D-2496-4086-8E18-50F5DE35DBEE}.Release|Any CPU.ActiveCfg = Release|Any CPU
		{E27E276D-2496-4086-8E18-50F5DE35DBEE}.Release|Any CPU.Build.0 = Release|Any CPU
		{49513D07-2891-4352-A67E-92229A812F17}.Debug|Any CPU.ActiveCfg = Debug|Any CPU
		{49513D07-2891-4352-A67E-92229A812F17}.Debug|Any CPU.Build.0 = Debug|Any CPU
		{49513D07-2891-4352-A67E-92229A812F17}.Release|Any CPU.ActiveCfg = Release|Any CPU
		{49513D07-2891-4352-A67E-92229A812F17}.Release|Any CPU.Build.0 = Release|Any CPU
		{B2F32530-0DC9-4651-AB48-ED706E897BC5}.Debug|Any CPU.ActiveCfg = Debug|Any CPU
		{B2F32530-0DC9-4651-AB48-ED706E897BC5}.Debug|Any CPU.Build.0 = Debug|Any CPU
		{B2F32530-0DC9-4651-AB48-ED706E897BC5}.Release|Any CPU.ActiveCfg = Release|Any CPU
		{B2F32530-0DC9-4651-AB48-ED706E897BC5}.Release|Any CPU.Build.0 = Release|Any CPU
		{D55D8B38-2519-4734-A55E-4239C9BBC4E2}.Debug|Any CPU.ActiveCfg = Debug|Any CPU
		{D55D8B38-2519-4734-A55E-4239C9BBC4E2}.Debug|Any CPU.Build.0 = Debug|Any CPU
		{D55D8B38-2519-4734-A55E-4239C9BBC4E2}.Release|Any CPU.ActiveCfg = Release|Any CPU
		{D55D8B38-2519-4734-A55E-4239C9BBC4E2}.Release|Any CPU.Build.0 = Release|Any CPU
		{EDBC0145-E935-4879-B9F4-D015C76F4FC3}.Debug|Any CPU.ActiveCfg = Debug|Any CPU
		{EDBC0145-E935-4879-B9F4-D015C76F4FC3}.Debug|Any CPU.Build.0 = Debug|Any CPU
		{EDBC0145-E935-4879-B9F4-D015C76F4FC3}.Release|Any CPU.ActiveCfg = Release|Any CPU
		{EDBC0145-E935-4879-B9F4-D015C76F4FC3}.Release|Any CPU.Build.0 = Release|Any CPU
		{975BEA74-73BE-40A9-9FD5-E9E2258284B9}.Debug|Any CPU.ActiveCfg = Debug|Any CPU
		{975BEA74-73BE-40A9-9FD5-E9E2258284B9}.Debug|Any CPU.Build.0 = Debug|Any CPU
		{975BEA74-73BE-40A9-9FD5-E9E2258284B9}.Release|Any CPU.ActiveCfg = Release|Any CPU
		{975BEA74-73BE-40A9-9FD5-E9E2258284B9}.Release|Any CPU.Build.0 = Release|Any CPU
	EndGlobalSection
	GlobalSection(SolutionProperties) = preSolution
		HideSolutionNode = FALSE
	EndGlobalSection
	GlobalSection(ExtensibilityGlobals) = postSolution
		SolutionGuid = {41291546-B4E6-40E7-8419-27AEBF05A963}
	EndGlobalSection
EndGlobal
