
Microsoft Visual Studio Solution File, Format Version 12.00
# Visual Studio Version 16
VisualStudioVersion = 16.0.30907.101
MinimumVisualStudioVersion = 10.0.40219.1
Project("{9A19103F-16F7-4668-BE54-9A1E7A4F7556}") = "Remake", "Remake.csproj", "{994CF221-A921-4D99-974D-3ACB5C5F34EF}"
EndProject
Global
	GlobalSection(SolutionConfigurationPlatforms) = preSolution
		Debug|Any CPU = Debug|Any CPU
		Release|Any CPU = Release|Any CPU
	EndGlobalSection
	GlobalSection(ProjectConfigurationPlatforms) = postSolution
		{994CF221-A921-4D99-974D-3ACB5C5F34EF}.Debug|Any CPU.ActiveCfg = Debug|Any CPU
		{994CF221-A921-4D99-974D-3ACB5C5F34EF}.Debug|Any CPU.Build.0 = Debug|Any CPU
		{994CF221-A921-4D99-974D-3ACB5C5F34EF}.Release|Any CPU.ActiveCfg = Release|Any CPU
		{994CF221-A921-4D99-974D-3ACB5C5F34EF}.Release|Any CPU.Build.0 = Release|Any CPU
	EndGlobalSection
	GlobalSection(SolutionProperties) = preSolution
		HideSolutionNode = FALSE
	EndGlobalSection
	GlobalSection(ExtensibilityGlobals) = postSolution
		SolutionGuid = {F79C7A63-46B3-4B04-A9A9-DBE27724E548}
	EndGlobalSection
EndGlobal
