
Microsoft Visual Studio Solution File, Format Version 12.00
# Visual Studio Version 16
VisualStudioVersion = 16.0.30611.23
MinimumVisualStudioVersion = 10.0.40219.1
Project("{9A19103F-16F7-4668-BE54-9A1E7A4F7556}") = "02.RepeatString", "2.RepeatString\02.RepeatString.csproj", "{6CA7DC27-72E1-4D7D-B91A-E43A2B9F6E0E}"
EndProject
Project("{9A19103F-16F7-4668-BE54-9A1E7A4F7556}") = "03.Substring", "3.Substring\03.Substring.csproj", "{A14096A7-C435-4ED1-A2EF-05436B36AB20}"
EndProject
Project("{9A19103F-16F7-4668-BE54-9A1E7A4F7556}") = "04.TextFilter", "4.TextFilter\04.TextFilter.csproj", "{0FC555F1-B539-4982-B185-A9D232FFBACB}"
EndProject
Project("{9A19103F-16F7-4668-BE54-9A1E7A4F7556}") = "5.DigitsLetersAndOther", "5.DigitsLetersAndOther\5.DigitsLetersAndOther.csproj", "{B89D4E5F-40A7-418F-BBEF-2D59BC2B0715}"
EndProject
Project("{9A19103F-16F7-4668-BE54-9A1E7A4F7556}") = "01.ReverseStrings", "1.ReverseStrings\01.ReverseStrings.csproj", "{5961DFCD-A9D5-48EB-AFCF-84284DC8F632}"
EndProject
Global
	GlobalSection(SolutionConfigurationPlatforms) = preSolution
		Debug|Any CPU = Debug|Any CPU
		Release|Any CPU = Release|Any CPU
	EndGlobalSection
	GlobalSection(ProjectConfigurationPlatforms) = postSolution
		{6CA7DC27-72E1-4D7D-B91A-E43A2B9F6E0E}.Debug|Any CPU.ActiveCfg = Debug|Any CPU
		{6CA7DC27-72E1-4D7D-B91A-E43A2B9F6E0E}.Debug|Any CPU.Build.0 = Debug|Any CPU
		{6CA7DC27-72E1-4D7D-B91A-E43A2B9F6E0E}.Release|Any CPU.ActiveCfg = Release|Any CPU
		{6CA7DC27-72E1-4D7D-B91A-E43A2B9F6E0E}.Release|Any CPU.Build.0 = Release|Any CPU
		{A14096A7-C435-4ED1-A2EF-05436B36AB20}.Debug|Any CPU.ActiveCfg = Debug|Any CPU
		{A14096A7-C435-4ED1-A2EF-05436B36AB20}.Debug|Any CPU.Build.0 = Debug|Any CPU
		{A14096A7-C435-4ED1-A2EF-05436B36AB20}.Release|Any CPU.ActiveCfg = Release|Any CPU
		{A14096A7-C435-4ED1-A2EF-05436B36AB20}.Release|Any CPU.Build.0 = Release|Any CPU
		{0FC555F1-B539-4982-B185-A9D232FFBACB}.Debug|Any CPU.ActiveCfg = Debug|Any CPU
		{0FC555F1-B539-4982-B185-A9D232FFBACB}.Debug|Any CPU.Build.0 = Debug|Any CPU
		{0FC555F1-B539-4982-B185-A9D232FFBACB}.Release|Any CPU.ActiveCfg = Release|Any CPU
		{0FC555F1-B539-4982-B185-A9D232FFBACB}.Release|Any CPU.Build.0 = Release|Any CPU
		{B89D4E5F-40A7-418F-BBEF-2D59BC2B0715}.Debug|Any CPU.ActiveCfg = Debug|Any CPU
		{B89D4E5F-40A7-418F-BBEF-2D59BC2B0715}.Debug|Any CPU.Build.0 = Debug|Any CPU
		{B89D4E5F-40A7-418F-BBEF-2D59BC2B0715}.Release|Any CPU.ActiveCfg = Release|Any CPU
		{B89D4E5F-40A7-418F-BBEF-2D59BC2B0715}.Release|Any CPU.Build.0 = Release|Any CPU
		{5961DFCD-A9D5-48EB-AFCF-84284DC8F632}.Debug|Any CPU.ActiveCfg = Debug|Any CPU
		{5961DFCD-A9D5-48EB-AFCF-84284DC8F632}.Debug|Any CPU.Build.0 = Debug|Any CPU
		{5961DFCD-A9D5-48EB-AFCF-84284DC8F632}.Release|Any CPU.ActiveCfg = Release|Any CPU
		{5961DFCD-A9D5-48EB-AFCF-84284DC8F632}.Release|Any CPU.Build.0 = Release|Any CPU
	EndGlobalSection
	GlobalSection(SolutionProperties) = preSolution
		HideSolutionNode = FALSE
	EndGlobalSection
	GlobalSection(ExtensibilityGlobals) = postSolution
		SolutionGuid = {B6E52B56-8915-4F65-80E9-525821C3B5CF}
	EndGlobalSection
EndGlobal
