
Microsoft Visual Studio Solution File, Format Version 12.00
# Visual Studio Version 16
VisualStudioVersion = 16.0.30204.135
MinimumVisualStudioVersion = 10.0.40219.1
Project("{9A19103F-16F7-4668-BE54-9A1E7A4F7556}") = "04Titles", "04Titles\04Titles.csproj", "{E590E1AD-2CEF-4543-938E-E1D4E4F9B5DF}"
EndProject
Project("{9A19103F-16F7-4668-BE54-9A1E7A4F7556}") = "05Shop", "05Shop\05Shop.csproj", "{648BB4A5-8CC8-40E8-8929-81EFFB6AAEDB}"
EndProject
Project("{9A19103F-16F7-4668-BE54-9A1E7A4F7556}") = "11FruitShop", "11FruitShop\11FruitShop.csproj", "{7DE0FA71-A2DC-4C73-BFB4-7350D356CCBD}"
EndProject
Project("{9A19103F-16F7-4668-BE54-9A1E7A4F7556}") = "13Ski", "13Ski\13Ski.csproj", "{DD835DF7-530F-460B-AC64-473B59529DDA}"
EndProject
Project("{9A19103F-16F7-4668-BE54-9A1E7A4F7556}") = "06Range", "06Range\06Range.csproj", "{B29A37E5-6C01-4C6C-AFDB-AE0C2F47E4D3}"
EndProject
Project("{9A19103F-16F7-4668-BE54-9A1E7A4F7556}") = "02WeekWorkDay", "02WeekWorkDay\02WeekWorkDay.csproj", "{124FCDEC-AA19-4668-9CA0-ADE509C8CC3F}"
EndProject
Project("{9A19103F-16F7-4668-BE54-9A1E7A4F7556}") = "03AnimalType", "03AnimalType\03AnimalType.csproj", "{F8F96465-3043-4D28-B092-4CA0B42DBADF}"
EndProject
Project("{9A19103F-16F7-4668-BE54-9A1E7A4F7556}") = "07WorkingHours", "07WorkingHours\07WorkingHours.csproj", "{BE342062-9C4F-46B2-932A-506ECE1DD54C}"
EndProject
Project("{9A19103F-16F7-4668-BE54-9A1E7A4F7556}") = "08Cinema", "08Weekday\08Cinema.csproj", "{CBBF0290-4CC4-419B-A979-8C4835C0C9A1}"
EndProject
Project("{9A19103F-16F7-4668-BE54-9A1E7A4F7556}") = "09FruitVeg", "09FruitVeg\09FruitVeg.csproj", "{1B7EA1F2-E844-462E-96D7-C34E4AEC6DE4}"
EndProject
Project("{9A19103F-16F7-4668-BE54-9A1E7A4F7556}") = "10Invalid", "10Invalid\10Invalid.csproj", "{2F5FF4FB-3FF6-43D6-9B6F-29499E871A17}"
EndProject
Project("{9A19103F-16F7-4668-BE54-9A1E7A4F7556}") = "12Commissions", "11Commissions\12Commissions.csproj", "{3905DD37-31CF-49D9-BFCD-15A790C30C97}"
EndProject
Project("{9A19103F-16F7-4668-BE54-9A1E7A4F7556}") = "01Day", "01Day\01Day.csproj", "{F31D0C69-92AA-476E-8779-4021A499AD6B}"
EndProject
Global
	GlobalSection(SolutionConfigurationPlatforms) = preSolution
		Debug|Any CPU = Debug|Any CPU
		Release|Any CPU = Release|Any CPU
	EndGlobalSection
	GlobalSection(ProjectConfigurationPlatforms) = postSolution
		{E590E1AD-2CEF-4543-938E-E1D4E4F9B5DF}.Debug|Any CPU.ActiveCfg = Debug|Any CPU
		{E590E1AD-2CEF-4543-938E-E1D4E4F9B5DF}.Debug|Any CPU.Build.0 = Debug|Any CPU
		{E590E1AD-2CEF-4543-938E-E1D4E4F9B5DF}.Release|Any CPU.ActiveCfg = Release|Any CPU
		{E590E1AD-2CEF-4543-938E-E1D4E4F9B5DF}.Release|Any CPU.Build.0 = Release|Any CPU
		{648BB4A5-8CC8-40E8-8929-81EFFB6AAEDB}.Debug|Any CPU.ActiveCfg = Debug|Any CPU
		{648BB4A5-8CC8-40E8-8929-81EFFB6AAEDB}.Debug|Any CPU.Build.0 = Debug|Any CPU
		{648BB4A5-8CC8-40E8-8929-81EFFB6AAEDB}.Release|Any CPU.ActiveCfg = Release|Any CPU
		{648BB4A5-8CC8-40E8-8929-81EFFB6AAEDB}.Release|Any CPU.Build.0 = Release|Any CPU
		{7DE0FA71-A2DC-4C73-BFB4-7350D356CCBD}.Debug|Any CPU.ActiveCfg = Debug|Any CPU
		{7DE0FA71-A2DC-4C73-BFB4-7350D356CCBD}.Debug|Any CPU.Build.0 = Debug|Any CPU
		{7DE0FA71-A2DC-4C73-BFB4-7350D356CCBD}.Release|Any CPU.ActiveCfg = Release|Any CPU
		{7DE0FA71-A2DC-4C73-BFB4-7350D356CCBD}.Release|Any CPU.Build.0 = Release|Any CPU
		{DD835DF7-530F-460B-AC64-473B59529DDA}.Debug|Any CPU.ActiveCfg = Debug|Any CPU
		{DD835DF7-530F-460B-AC64-473B59529DDA}.Debug|Any CPU.Build.0 = Debug|Any CPU
		{DD835DF7-530F-460B-AC64-473B59529DDA}.Release|Any CPU.ActiveCfg = Release|Any CPU
		{DD835DF7-530F-460B-AC64-473B59529DDA}.Release|Any CPU.Build.0 = Release|Any CPU
		{B29A37E5-6C01-4C6C-AFDB-AE0C2F47E4D3}.Debug|Any CPU.ActiveCfg = Debug|Any CPU
		{B29A37E5-6C01-4C6C-AFDB-AE0C2F47E4D3}.Debug|Any CPU.Build.0 = Debug|Any CPU
		{B29A37E5-6C01-4C6C-AFDB-AE0C2F47E4D3}.Release|Any CPU.ActiveCfg = Release|Any CPU
		{B29A37E5-6C01-4C6C-AFDB-AE0C2F47E4D3}.Release|Any CPU.Build.0 = Release|Any CPU
		{124FCDEC-AA19-4668-9CA0-ADE509C8CC3F}.Debug|Any CPU.ActiveCfg = Debug|Any CPU
		{124FCDEC-AA19-4668-9CA0-ADE509C8CC3F}.Debug|Any CPU.Build.0 = Debug|Any CPU
		{124FCDEC-AA19-4668-9CA0-ADE509C8CC3F}.Release|Any CPU.ActiveCfg = Release|Any CPU
		{124FCDEC-AA19-4668-9CA0-ADE509C8CC3F}.Release|Any CPU.Build.0 = Release|Any CPU
		{F8F96465-3043-4D28-B092-4CA0B42DBADF}.Debug|Any CPU.ActiveCfg = Debug|Any CPU
		{F8F96465-3043-4D28-B092-4CA0B42DBADF}.Debug|Any CPU.Build.0 = Debug|Any CPU
		{F8F96465-3043-4D28-B092-4CA0B42DBADF}.Release|Any CPU.ActiveCfg = Release|Any CPU
		{F8F96465-3043-4D28-B092-4CA0B42DBADF}.Release|Any CPU.Build.0 = Release|Any CPU
		{BE342062-9C4F-46B2-932A-506ECE1DD54C}.Debug|Any CPU.ActiveCfg = Debug|Any CPU
		{BE342062-9C4F-46B2-932A-506ECE1DD54C}.Debug|Any CPU.Build.0 = Debug|Any CPU
		{BE342062-9C4F-46B2-932A-506ECE1DD54C}.Release|Any CPU.ActiveCfg = Release|Any CPU
		{BE342062-9C4F-46B2-932A-506ECE1DD54C}.Release|Any CPU.Build.0 = Release|Any CPU
		{CBBF0290-4CC4-419B-A979-8C4835C0C9A1}.Debug|Any CPU.ActiveCfg = Debug|Any CPU
		{CBBF0290-4CC4-419B-A979-8C4835C0C9A1}.Debug|Any CPU.Build.0 = Debug|Any CPU
		{CBBF0290-4CC4-419B-A979-8C4835C0C9A1}.Release|Any CPU.ActiveCfg = Release|Any CPU
		{CBBF0290-4CC4-419B-A979-8C4835C0C9A1}.Release|Any CPU.Build.0 = Release|Any CPU
		{1B7EA1F2-E844-462E-96D7-C34E4AEC6DE4}.Debug|Any CPU.ActiveCfg = Debug|Any CPU
		{1B7EA1F2-E844-462E-96D7-C34E4AEC6DE4}.Debug|Any CPU.Build.0 = Debug|Any CPU
		{1B7EA1F2-E844-462E-96D7-C34E4AEC6DE4}.Release|Any CPU.ActiveCfg = Release|Any CPU
		{1B7EA1F2-E844-462E-96D7-C34E4AEC6DE4}.Release|Any CPU.Build.0 = Release|Any CPU
		{2F5FF4FB-3FF6-43D6-9B6F-29499E871A17}.Debug|Any CPU.ActiveCfg = Debug|Any CPU
		{2F5FF4FB-3FF6-43D6-9B6F-29499E871A17}.Debug|Any CPU.Build.0 = Debug|Any CPU
		{2F5FF4FB-3FF6-43D6-9B6F-29499E871A17}.Release|Any CPU.ActiveCfg = Release|Any CPU
		{2F5FF4FB-3FF6-43D6-9B6F-29499E871A17}.Release|Any CPU.Build.0 = Release|Any CPU
		{3905DD37-31CF-49D9-BFCD-15A790C30C97}.Debug|Any CPU.ActiveCfg = Debug|Any CPU
		{3905DD37-31CF-49D9-BFCD-15A790C30C97}.Debug|Any CPU.Build.0 = Debug|Any CPU
		{3905DD37-31CF-49D9-BFCD-15A790C30C97}.Release|Any CPU.ActiveCfg = Release|Any CPU
		{3905DD37-31CF-49D9-BFCD-15A790C30C97}.Release|Any CPU.Build.0 = Release|Any CPU
		{F31D0C69-92AA-476E-8779-4021A499AD6B}.Debug|Any CPU.ActiveCfg = Debug|Any CPU
		{F31D0C69-92AA-476E-8779-4021A499AD6B}.Debug|Any CPU.Build.0 = Debug|Any CPU
		{F31D0C69-92AA-476E-8779-4021A499AD6B}.Release|Any CPU.ActiveCfg = Release|Any CPU
		{F31D0C69-92AA-476E-8779-4021A499AD6B}.Release|Any CPU.Build.0 = Release|Any CPU
	EndGlobalSection
	GlobalSection(SolutionProperties) = preSolution
		HideSolutionNode = FALSE
	EndGlobalSection
	GlobalSection(ExtensibilityGlobals) = postSolution
		SolutionGuid = {90F9CF4E-526B-4823-A721-EC77C1B21788}
	EndGlobalSection
EndGlobal
