
Microsoft Visual Studio Solution File, Format Version 12.00
# Visual Studio Version 16
VisualStudioVersion = 16.0.30611.23
MinimumVisualStudioVersion = 10.0.40219.1
Project("{FAE04EC0-301F-11D3-BF4B-00C04F79EFBC}") = "1.PasswordReset", "1.PasswordReset\1.PasswordReset.csproj", "{D74C1B4C-12A3-4947-BBE1-E46B1AD0A1BD}"
EndProject
Project("{9A19103F-16F7-4668-BE54-9A1E7A4F7556}") = "2.FancyBarcodes", "2.FancyBarcodes\2.FancyBarcodes.csproj", "{54A4963F-8A41-4955-AB0B-6C2AE6D70397}"
EndProject
Project("{9A19103F-16F7-4668-BE54-9A1E7A4F7556}") = "3.HeroesOfCodeAndLogic", "3.HeroesOfCodeAndLogic\3.HeroesOfCodeAndLogic.csproj", "{AD2B57DD-A54A-42A9-9C75-41F67FABDA25}"
EndProject
Global
	GlobalSection(SolutionConfigurationPlatforms) = preSolution
		Debug|Any CPU = Debug|Any CPU
		Release|Any CPU = Release|Any CPU
	EndGlobalSection
	GlobalSection(ProjectConfigurationPlatforms) = postSolution
		{D74C1B4C-12A3-4947-BBE1-E46B1AD0A1BD}.Debug|Any CPU.ActiveCfg = Debug|Any CPU
		{D74C1B4C-12A3-4947-BBE1-E46B1AD0A1BD}.Debug|Any CPU.Build.0 = Debug|Any CPU
		{D74C1B4C-12A3-4947-BBE1-E46B1AD0A1BD}.Release|Any CPU.ActiveCfg = Release|Any CPU
		{D74C1B4C-12A3-4947-BBE1-E46B1AD0A1BD}.Release|Any CPU.Build.0 = Release|Any CPU
		{54A4963F-8A41-4955-AB0B-6C2AE6D70397}.Debug|Any CPU.ActiveCfg = Debug|Any CPU
		{54A4963F-8A41-4955-AB0B-6C2AE6D70397}.Debug|Any CPU.Build.0 = Debug|Any CPU
		{54A4963F-8A41-4955-AB0B-6C2AE6D70397}.Release|Any CPU.ActiveCfg = Release|Any CPU
		{54A4963F-8A41-4955-AB0B-6C2AE6D70397}.Release|Any CPU.Build.0 = Release|Any CPU
		{AD2B57DD-A54A-42A9-9C75-41F67FABDA25}.Debug|Any CPU.ActiveCfg = Debug|Any CPU
		{AD2B57DD-A54A-42A9-9C75-41F67FABDA25}.Debug|Any CPU.Build.0 = Debug|Any CPU
		{AD2B57DD-A54A-42A9-9C75-41F67FABDA25}.Release|Any CPU.ActiveCfg = Release|Any CPU
		{AD2B57DD-A54A-42A9-9C75-41F67FABDA25}.Release|Any CPU.Build.0 = Release|Any CPU
	EndGlobalSection
	GlobalSection(SolutionProperties) = preSolution
		HideSolutionNode = FALSE
	EndGlobalSection
	GlobalSection(ExtensibilityGlobals) = postSolution
		SolutionGuid = {1BAEEEED-EB7E-4C21-A65F-CFA14B859FC8}
	EndGlobalSection
EndGlobal
