
Microsoft Visual Studio Solution File, Format Version 12.00
# Visual Studio Version 16
VisualStudioVersion = 16.0.30204.135
MinimumVisualStudioVersion = 10.0.40219.1
Project("{9A19103F-16F7-4668-BE54-9A1E7A4F7556}") = "02ReportSystem", "02ReportSystem\02ReportSystem.csproj", "{F5F280E0-D9E3-4D7D-B388-BBF03A524B13}"
EndProject
Project("{9A19103F-16F7-4668-BE54-9A1E7A4F7556}") = "03Key", "03Key\03Key.csproj", "{07E4E369-1901-45B6-B238-37D6A1F9C2DF}"
EndProject
Project("{9A19103F-16F7-4668-BE54-9A1E7A4F7556}") = "04Numbers", "04Numbers\04Numbers.csproj", "{EAD58872-686D-4A4C-B7E8-532E88EAE426}"
EndProject
Project("{9A19103F-16F7-4668-BE54-9A1E7A4F7556}") = "05Average", "05Average\05Average.csproj", "{06047D90-2676-4B19-9634-8E76CD03DA6A}"
EndProject
Project("{9A19103F-16F7-4668-BE54-9A1E7A4F7556}") = "01Dishwasher", "01Dishwasher\01Dishwasher.csproj", "{2A9D9D87-ECFC-4DEF-8112-8AB7D59FE358}"
EndProject
Global
	GlobalSection(SolutionConfigurationPlatforms) = preSolution
		Debug|Any CPU = Debug|Any CPU
		Release|Any CPU = Release|Any CPU
	EndGlobalSection
	GlobalSection(ProjectConfigurationPlatforms) = postSolution
		{F5F280E0-D9E3-4D7D-B388-BBF03A524B13}.Debug|Any CPU.ActiveCfg = Debug|Any CPU
		{F5F280E0-D9E3-4D7D-B388-BBF03A524B13}.Debug|Any CPU.Build.0 = Debug|Any CPU
		{F5F280E0-D9E3-4D7D-B388-BBF03A524B13}.Release|Any CPU.ActiveCfg = Release|Any CPU
		{F5F280E0-D9E3-4D7D-B388-BBF03A524B13}.Release|Any CPU.Build.0 = Release|Any CPU
		{07E4E369-1901-45B6-B238-37D6A1F9C2DF}.Debug|Any CPU.ActiveCfg = Debug|Any CPU
		{07E4E369-1901-45B6-B238-37D6A1F9C2DF}.Debug|Any CPU.Build.0 = Debug|Any CPU
		{07E4E369-1901-45B6-B238-37D6A1F9C2DF}.Release|Any CPU.ActiveCfg = Release|Any CPU
		{07E4E369-1901-45B6-B238-37D6A1F9C2DF}.Release|Any CPU.Build.0 = Release|Any CPU
		{EAD58872-686D-4A4C-B7E8-532E88EAE426}.Debug|Any CPU.ActiveCfg = Debug|Any CPU
		{EAD58872-686D-4A4C-B7E8-532E88EAE426}.Debug|Any CPU.Build.0 = Debug|Any CPU
		{EAD58872-686D-4A4C-B7E8-532E88EAE426}.Release|Any CPU.ActiveCfg = Release|Any CPU
		{EAD58872-686D-4A4C-B7E8-532E88EAE426}.Release|Any CPU.Build.0 = Release|Any CPU
		{06047D90-2676-4B19-9634-8E76CD03DA6A}.Debug|Any CPU.ActiveCfg = Debug|Any CPU
		{06047D90-2676-4B19-9634-8E76CD03DA6A}.Debug|Any CPU.Build.0 = Debug|Any CPU
		{06047D90-2676-4B19-9634-8E76CD03DA6A}.Release|Any CPU.ActiveCfg = Release|Any CPU
		{06047D90-2676-4B19-9634-8E76CD03DA6A}.Release|Any CPU.Build.0 = Release|Any CPU
		{2A9D9D87-ECFC-4DEF-8112-8AB7D59FE358}.Debug|Any CPU.ActiveCfg = Debug|Any CPU
		{2A9D9D87-ECFC-4DEF-8112-8AB7D59FE358}.Debug|Any CPU.Build.0 = Debug|Any CPU
		{2A9D9D87-ECFC-4DEF-8112-8AB7D59FE358}.Release|Any CPU.ActiveCfg = Release|Any CPU
		{2A9D9D87-ECFC-4DEF-8112-8AB7D59FE358}.Release|Any CPU.Build.0 = Release|Any CPU
	EndGlobalSection
	GlobalSection(SolutionProperties) = preSolution
		HideSolutionNode = FALSE
	EndGlobalSection
	GlobalSection(ExtensibilityGlobals) = postSolution
		SolutionGuid = {6B09D066-6EE4-4FE2-B54C-0C4B4E245A44}
	EndGlobalSection
EndGlobal
