
Microsoft Visual Studio Solution File, Format Version 12.00
# Visual Studio Version 16
VisualStudioVersion = 16.0.30517.126
MinimumVisualStudioVersion = 10.0.40219.1
Project("{9A19103F-16F7-4668-BE54-9A1E7A4F7556}") = "2.FromLeft", "2.FromLeft\2.FromLeft.csproj", "{5475E573-9C9C-4939-A81D-955487CC7629}"
EndProject
Project("{9A19103F-16F7-4668-BE54-9A1E7A4F7556}") = "3.FloatingEquality", "3.FloatingEquality\3.FloatingEquality.csproj", "{A05EC58B-27D5-4183-98BF-FD993EEB7745}"
EndProject
Project("{9A19103F-16F7-4668-BE54-9A1E7A4F7556}") = "04.RefactorPrimeChecking", "4.RefactorPrimeChecking\04.RefactorPrimeChecking.csproj", "{C03F04FC-6E0A-4711-A7E6-3DC947F4EA3D}"
EndProject
Project("{9A19103F-16F7-4668-BE54-9A1E7A4F7556}") = "05.DecryptingMessages", "5.DecryptingMessages\05.DecryptingMessages.csproj", "{20DE8B0E-8CCC-4FA4-9D59-A2EB8645FA12}"
EndProject
Project("{9A19103F-16F7-4668-BE54-9A1E7A4F7556}") = "6.BalanceBrackets", "6.BalanceBrackets\6.BalanceBrackets.csproj", "{DA456036-768C-4C9B-97E2-CC53342C5DDD}"
EndProject
Project("{9A19103F-16F7-4668-BE54-9A1E7A4F7556}") = "1.DataTypeFinder", "1.DataTypeFinder\1.DataTypeFinder.csproj", "{AD05D2EA-C926-4214-A358-FE8ACB907FDC}"
EndProject
Global
	GlobalSection(SolutionConfigurationPlatforms) = preSolution
		Debug|Any CPU = Debug|Any CPU
		Release|Any CPU = Release|Any CPU
	EndGlobalSection
	GlobalSection(ProjectConfigurationPlatforms) = postSolution
		{5475E573-9C9C-4939-A81D-955487CC7629}.Debug|Any CPU.ActiveCfg = Debug|Any CPU
		{5475E573-9C9C-4939-A81D-955487CC7629}.Debug|Any CPU.Build.0 = Debug|Any CPU
		{5475E573-9C9C-4939-A81D-955487CC7629}.Release|Any CPU.ActiveCfg = Release|Any CPU
		{5475E573-9C9C-4939-A81D-955487CC7629}.Release|Any CPU.Build.0 = Release|Any CPU
		{A05EC58B-27D5-4183-98BF-FD993EEB7745}.Debug|Any CPU.ActiveCfg = Debug|Any CPU
		{A05EC58B-27D5-4183-98BF-FD993EEB7745}.Debug|Any CPU.Build.0 = Debug|Any CPU
		{A05EC58B-27D5-4183-98BF-FD993EEB7745}.Release|Any CPU.ActiveCfg = Release|Any CPU
		{A05EC58B-27D5-4183-98BF-FD993EEB7745}.Release|Any CPU.Build.0 = Release|Any CPU
		{C03F04FC-6E0A-4711-A7E6-3DC947F4EA3D}.Debug|Any CPU.ActiveCfg = Debug|Any CPU
		{C03F04FC-6E0A-4711-A7E6-3DC947F4EA3D}.Debug|Any CPU.Build.0 = Debug|Any CPU
		{C03F04FC-6E0A-4711-A7E6-3DC947F4EA3D}.Release|Any CPU.ActiveCfg = Release|Any CPU
		{C03F04FC-6E0A-4711-A7E6-3DC947F4EA3D}.Release|Any CPU.Build.0 = Release|Any CPU
		{20DE8B0E-8CCC-4FA4-9D59-A2EB8645FA12}.Debug|Any CPU.ActiveCfg = Debug|Any CPU
		{20DE8B0E-8CCC-4FA4-9D59-A2EB8645FA12}.Debug|Any CPU.Build.0 = Debug|Any CPU
		{20DE8B0E-8CCC-4FA4-9D59-A2EB8645FA12}.Release|Any CPU.ActiveCfg = Release|Any CPU
		{20DE8B0E-8CCC-4FA4-9D59-A2EB8645FA12}.Release|Any CPU.Build.0 = Release|Any CPU
		{DA456036-768C-4C9B-97E2-CC53342C5DDD}.Debug|Any CPU.ActiveCfg = Debug|Any CPU
		{DA456036-768C-4C9B-97E2-CC53342C5DDD}.Debug|Any CPU.Build.0 = Debug|Any CPU
		{DA456036-768C-4C9B-97E2-CC53342C5DDD}.Release|Any CPU.ActiveCfg = Release|Any CPU
		{DA456036-768C-4C9B-97E2-CC53342C5DDD}.Release|Any CPU.Build.0 = Release|Any CPU
		{AD05D2EA-C926-4214-A358-FE8ACB907FDC}.Debug|Any CPU.ActiveCfg = Debug|Any CPU
		{AD05D2EA-C926-4214-A358-FE8ACB907FDC}.Debug|Any CPU.Build.0 = Debug|Any CPU
		{AD05D2EA-C926-4214-A358-FE8ACB907FDC}.Release|Any CPU.ActiveCfg = Release|Any CPU
		{AD05D2EA-C926-4214-A358-FE8ACB907FDC}.Release|Any CPU.Build.0 = Release|Any CPU
	EndGlobalSection
	GlobalSection(SolutionProperties) = preSolution
		HideSolutionNode = FALSE
	EndGlobalSection
	GlobalSection(ExtensibilityGlobals) = postSolution
		SolutionGuid = {3DBBAB90-F6D7-4C60-9F69-D8CB13033C60}
	EndGlobalSection
EndGlobal
