
Microsoft Visual Studio Solution File, Format Version 12.00
# Visual Studio Version 16
VisualStudioVersion = 16.0.30611.23
MinimumVisualStudioVersion = 10.0.40219.1
Project("{9A19103F-16F7-4668-BE54-9A1E7A4F7556}") = "1.OddLines", "1.OddLines\1.OddLines.csproj", "{952394EF-69D5-4D2F-9BA8-A47A2415D5E7}"
EndProject
Project("{FAE04EC0-301F-11D3-BF4B-00C04F79EFBC}") = "2.LineNumbers", "2.LineNumbers\2.LineNumbers.csproj", "{3D724ECE-2F51-4F78-8457-2B148572FF24}"
EndProject
Project("{FAE04EC0-301F-11D3-BF4B-00C04F79EFBC}") = "5.SliceAFile", "5.SliceAFile\5.SliceAFile.csproj", "{151887E7-B4C6-492E-9537-7D37CEF038CE}"
EndProject
Global
	GlobalSection(SolutionConfigurationPlatforms) = preSolution
		Debug|Any CPU = Debug|Any CPU
		Release|Any CPU = Release|Any CPU
	EndGlobalSection
	GlobalSection(ProjectConfigurationPlatforms) = postSolution
		{952394EF-69D5-4D2F-9BA8-A47A2415D5E7}.Debug|Any CPU.ActiveCfg = Debug|Any CPU
		{952394EF-69D5-4D2F-9BA8-A47A2415D5E7}.Debug|Any CPU.Build.0 = Debug|Any CPU
		{952394EF-69D5-4D2F-9BA8-A47A2415D5E7}.Release|Any CPU.ActiveCfg = Release|Any CPU
		{952394EF-69D5-4D2F-9BA8-A47A2415D5E7}.Release|Any CPU.Build.0 = Release|Any CPU
		{3D724ECE-2F51-4F78-8457-2B148572FF24}.Debug|Any CPU.ActiveCfg = Debug|Any CPU
		{3D724ECE-2F51-4F78-8457-2B148572FF24}.Debug|Any CPU.Build.0 = Debug|Any CPU
		{3D724ECE-2F51-4F78-8457-2B148572FF24}.Release|Any CPU.ActiveCfg = Release|Any CPU
		{3D724ECE-2F51-4F78-8457-2B148572FF24}.Release|Any CPU.Build.0 = Release|Any CPU
		{151887E7-B4C6-492E-9537-7D37CEF038CE}.Debug|Any CPU.ActiveCfg = Debug|Any CPU
		{151887E7-B4C6-492E-9537-7D37CEF038CE}.Debug|Any CPU.Build.0 = Debug|Any CPU
		{151887E7-B4C6-492E-9537-7D37CEF038CE}.Release|Any CPU.ActiveCfg = Release|Any CPU
		{151887E7-B4C6-492E-9537-7D37CEF038CE}.Release|Any CPU.Build.0 = Release|Any CPU
	EndGlobalSection
	GlobalSection(SolutionProperties) = preSolution
		HideSolutionNode = FALSE
	EndGlobalSection
	GlobalSection(ExtensibilityGlobals) = postSolution
		SolutionGuid = {B8DD9A04-4BAE-4DE4-814E-CA68596C8691}
	EndGlobalSection
EndGlobal
