
Microsoft Visual Studio Solution File, Format Version 12.00
# Visual Studio Version 16
VisualStudioVersion = 16.0.30611.23
MinimumVisualStudioVersion = 10.0.40219.1
Project("{FAE04EC0-301F-11D3-BF4B-00C04F79EFBC}") = "1.BasicStackOperations", "1.BasicStackOperations\1.BasicStackOperations.csproj", "{E4B0C7A6-70AF-4394-857F-828D4BB73A40}"
EndProject
Project("{2150E333-8FDC-42A3-9474-1A3956D46DE8}") = "Solution Items", "Solution Items", "{9EDDE067-8798-498C-8081-99E762403EED}"
	ProjectSection(SolutionItems) = preProject
		01. CSharp-Advanced-Stacks-and-Queues-Exercises.docx = 01. CSharp-Advanced-Stacks-and-Queues-Exercises.docx
	EndProjectSection
EndProject
Project("{FAE04EC0-301F-11D3-BF4B-00C04F79EFBC}") = "2.BasicQueueOperations", "2.BasicQueueOperations\2.BasicQueueOperations.csproj", "{D24CFF03-A60B-436B-979D-B9DDD39533D4}"
EndProject
Project("{FAE04EC0-301F-11D3-BF4B-00C04F79EFBC}") = "3.MaximumAndMinimumElement", "3.MaximumAndMinimumElement\3.MaximumAndMinimumElement.csproj", "{D5934832-6C37-47F4-88B9-F8A3C1BE5C01}"
EndProject
Global
	GlobalSection(SolutionConfigurationPlatforms) = preSolution
		Debug|Any CPU = Debug|Any CPU
		Release|Any CPU = Release|Any CPU
	EndGlobalSection
	GlobalSection(ProjectConfigurationPlatforms) = postSolution
		{E4B0C7A6-70AF-4394-857F-828D4BB73A40}.Debug|Any CPU.ActiveCfg = Debug|Any CPU
		{E4B0C7A6-70AF-4394-857F-828D4BB73A40}.Debug|Any CPU.Build.0 = Debug|Any CPU
		{E4B0C7A6-70AF-4394-857F-828D4BB73A40}.Release|Any CPU.ActiveCfg = Release|Any CPU
		{E4B0C7A6-70AF-4394-857F-828D4BB73A40}.Release|Any CPU.Build.0 = Release|Any CPU
		{D24CFF03-A60B-436B-979D-B9DDD39533D4}.Debug|Any CPU.ActiveCfg = Debug|Any CPU
		{D24CFF03-A60B-436B-979D-B9DDD39533D4}.Debug|Any CPU.Build.0 = Debug|Any CPU
		{D24CFF03-A60B-436B-979D-B9DDD39533D4}.Release|Any CPU.ActiveCfg = Release|Any CPU
		{D24CFF03-A60B-436B-979D-B9DDD39533D4}.Release|Any CPU.Build.0 = Release|Any CPU
		{D5934832-6C37-47F4-88B9-F8A3C1BE5C01}.Debug|Any CPU.ActiveCfg = Debug|Any CPU
		{D5934832-6C37-47F4-88B9-F8A3C1BE5C01}.Debug|Any CPU.Build.0 = Debug|Any CPU
		{D5934832-6C37-47F4-88B9-F8A3C1BE5C01}.Release|Any CPU.ActiveCfg = Release|Any CPU
		{D5934832-6C37-47F4-88B9-F8A3C1BE5C01}.Release|Any CPU.Build.0 = Release|Any CPU
	EndGlobalSection
	GlobalSection(SolutionProperties) = preSolution
		HideSolutionNode = FALSE
	EndGlobalSection
	GlobalSection(ExtensibilityGlobals) = postSolution
		SolutionGuid = {6DA98BA3-8AFD-4DA2-84A6-A56403B9C113}
	EndGlobalSection
EndGlobal
