
Microsoft Visual Studio Solution File, Format Version 12.00
# Visual Studio Version 16
VisualStudioVersion = 16.0.30611.23
MinimumVisualStudioVersion = 10.0.40219.1
Project("{FAE04EC0-301F-11D3-BF4B-00C04F79EFBC}") = "1.ReverseStrings", "1.ReverseStrings\1.ReverseStrings.csproj", "{E6C85D10-6F46-4F46-A43D-FB44B031E48F}"
EndProject
Project("{2150E333-8FDC-42A3-9474-1A3956D46DE8}") = "Solution Items", "Solution Items", "{3AF11FD6-4DC9-4768-AF70-4495B68B87DE}"
	ProjectSection(SolutionItems) = preProject
		01. CSharp-Advanced-Stacks-and-Queues-Lab.docx = 01. CSharp-Advanced-Stacks-and-Queues-Lab.docx
	EndProjectSection
EndProject
Project("{FAE04EC0-301F-11D3-BF4B-00C04F79EFBC}") = "2.StackSum", "2.StackSum\2.StackSum.csproj", "{C8CCF166-4DA6-438C-9BD0-434861BC14B6}"
EndProject
Project("{FAE04EC0-301F-11D3-BF4B-00C04F79EFBC}") = "3.SimpleCalculator", "3.SimpleCalculator\3.SimpleCalculator.csproj", "{7A81D6C1-A42F-4129-ABE9-4528F0FEE3BF}"
EndProject
Global
	GlobalSection(SolutionConfigurationPlatforms) = preSolution
		Debug|Any CPU = Debug|Any CPU
		Release|Any CPU = Release|Any CPU
	EndGlobalSection
	GlobalSection(ProjectConfigurationPlatforms) = postSolution
		{E6C85D10-6F46-4F46-A43D-FB44B031E48F}.Debug|Any CPU.ActiveCfg = Debug|Any CPU
		{E6C85D10-6F46-4F46-A43D-FB44B031E48F}.Debug|Any CPU.Build.0 = Debug|Any CPU
		{E6C85D10-6F46-4F46-A43D-FB44B031E48F}.Release|Any CPU.ActiveCfg = Release|Any CPU
		{E6C85D10-6F46-4F46-A43D-FB44B031E48F}.Release|Any CPU.Build.0 = Release|Any CPU
		{C8CCF166-4DA6-438C-9BD0-434861BC14B6}.Debug|Any CPU.ActiveCfg = Debug|Any CPU
		{C8CCF166-4DA6-438C-9BD0-434861BC14B6}.Debug|Any CPU.Build.0 = Debug|Any CPU
		{C8CCF166-4DA6-438C-9BD0-434861BC14B6}.Release|Any CPU.ActiveCfg = Release|Any CPU
		{C8CCF166-4DA6-438C-9BD0-434861BC14B6}.Release|Any CPU.Build.0 = Release|Any CPU
		{7A81D6C1-A42F-4129-ABE9-4528F0FEE3BF}.Debug|Any CPU.ActiveCfg = Debug|Any CPU
		{7A81D6C1-A42F-4129-ABE9-4528F0FEE3BF}.Debug|Any CPU.Build.0 = Debug|Any CPU
		{7A81D6C1-A42F-4129-ABE9-4528F0FEE3BF}.Release|Any CPU.ActiveCfg = Release|Any CPU
		{7A81D6C1-A42F-4129-ABE9-4528F0FEE3BF}.Release|Any CPU.Build.0 = Release|Any CPU
	EndGlobalSection
	GlobalSection(SolutionProperties) = preSolution
		HideSolutionNode = FALSE
	EndGlobalSection
	GlobalSection(ExtensibilityGlobals) = postSolution
		SolutionGuid = {BC584CAA-742F-425B-BD19-1E0E2ED83E13}
	EndGlobalSection
EndGlobal
